{
  "lockfileVersion": 1,
  "configVersion": 1,
  "workspaces": {
    "": {
      "name": "zeit-desktop",
      "dependencies": {
        "@native-sdk/core": "0.5.1",
      },
      "devDependencies": {
        "@native-sdk/cli": "0.5.1",
        "typescript": "5.9.3",
      },
    },
  },
  "packages": {
    "@native-sdk/cli": ["@native-sdk/cli@0.5.1", "", { "dependencies": { "@typescript/old": "npm:typescript@6.0.3", "@typescript/typescript6": "6.0.2" }, "optionalDependencies": { "@native-sdk/cli-darwin-arm64": "0.5.1", "@native-sdk/cli-darwin-x64": "0.5.1", "@native-sdk/cli-linux-arm64-gnu": "0.5.1", "@native-sdk/cli-linux-arm64-musl": "0.5.1", "@native-sdk/cli-linux-x64-gnu": "0.5.1", "@native-sdk/cli-linux-x64-musl": "0.5.1", "@native-sdk/cli-win32-arm64": "0.5.1", "@native-sdk/cli-win32-x64": "0.5.1" }, "bin": { "native": "bin/native.js" } }, "sha512-hSyUjQlcRkgvQbYeaAuD55DeViW7Mm/UugAnay9GOXzE369uwoPORw2C4KOE0aVkANWbZHVieUqMQh3pNciUNA=="],

    "@native-sdk/cli-darwin-arm64": ["@native-sdk/cli-darwin-arm64@0.5.1", "", { "os": "darwin", "cpu": "arm64" }, "sha512-mqy9y/JES1rS2GT9wnyYseRDfqliD8jbWacA34WGzgV+5yaq2/1YdVlwycTXcinR3TEj/oHk3NH0rr+SB3w6hw=="],

    "@native-sdk/cli-darwin-x64": ["@native-sdk/cli-darwin-x64@0.5.1", "", { "os": "darwin", "cpu": "x64" }, "sha512-Weuk3w6NdwdQylcAdPilpXYnWTqsOtyS6nRh9iTRnBP0ggcyVZf44JYtMrHYXyCdSptfiLSWGhymU5wDnw/BOg=="],

    "@native-sdk/cli-linux-arm64-gnu": ["@native-sdk/cli-linux-arm64-gnu@0.5.1", "", { "os": "linux", "cpu": "arm64" }, "sha512-8RESvpGw1Ex6vt+kAsTkMtTNHUzqyuXmMGdRA6LogfkULNMfk+tYl4EzAovMpgTAy7ozaAkNjfsjCvJsZjdKhw=="],

    "@native-sdk/cli-linux-arm64-musl": ["@native-sdk/cli-linux-arm64-musl@0.5.1", "", { "os": "linux", "cpu": "arm64" }, "sha512-dMPA3D1nCFMhmzmy9updzAnnZIq6tSRTj7DPvBlrkFunXIhNUSh37GiIKajCZBN3hJSBmSWCHnKYI+9TdZvPxQ=="],

    "@native-sdk/cli-linux-x64-gnu": ["@native-sdk/cli-linux-x64-gnu@0.5.1", "", { "os": "linux", "cpu": "x64" }, "sha512-r4ufokEL3WJV8+gE9icnz8yoodN7XD1A9SXaDKRkC2plL5+Azqru5oArPgeg2dlzuCusfDQTwuIJiqKo+mz50Q=="],

    "@native-sdk/cli-linux-x64-musl": ["@native-sdk/cli-linux-x64-musl@0.5.1", "", { "os": "linux", "cpu": "x64" }, "sha512-qILxw+GpQ26MI4eZycHzSYvTC2LTkzijRzXyP6gpVU8ChiYYlrA2dlY+1QKzbn93wX0KiLW5A8ck20HOZFmwvQ=="],

    "@native-sdk/cli-win32-arm64": ["@native-sdk/cli-win32-arm64@0.5.1", "", { "os": "win32", "cpu": "arm64" }, "sha512-dIAVuW8nm7k6jO9bOUo7e4GoNP2aLADDo0W6aPGDUAI6dvgpfhIIxotFN3/jozQ0so8KUeKxsq7NQt4ll8iBww=="],

    "@native-sdk/cli-win32-x64": ["@native-sdk/cli-win32-x64@0.5.1", "", { "os": "win32", "cpu": "x64" }, "sha512-G/ueqTP4axN0HVFKLxtGVqg28A27Qq4eQUkSQc6TQShvi6+V7xK6g8AMbio1rGyKPuIwt2/TF9dX4GDCGoiukg=="],

    "@native-sdk/core": ["@native-sdk/core@0.5.1", "", {}, "sha512-F/7oqGhU90nZ2e1OVlFxBToQHwUAfZjmptoe9MMgaeTBnRuhBV1FZxPsaa32GzjyJPBJTkAhZr/EXfpqIhGYDQ=="],

    "@typescript/old": ["typescript@6.0.3", "", { "bin": { "tsc": "bin/tsc", "tsserver": "bin/tsserver" } }, "sha512-y2TvuxSZPDyQakkFRPZHKFm+KKVqIisdg9/CZwm9ftvKXLP8NRWj38/ODjNbr43SsoXqNuAisEf1GdCxqWcdBw=="],

    "@typescript/typescript6": ["@typescript/typescript6@6.0.2", "", { "dependencies": { "@typescript/old": "npm:typescript@^6" }, "bin": { "tsc6": "bin/tsc6" } }, "sha512-mbCddXd+jm7hfx7w2YU64/Av4/NqqeG3GoRZgxPcgoTxYjhrcfJRw9ULch71SS4G+Q3bOXFhRvPqjguN0Hyp5w=="],

    "typescript": ["typescript@5.9.3", "", { "bin": { "tsc": "bin/tsc", "tsserver": "bin/tsserver" } }, "sha512-jl1vZzPDinLr9eUt3J/t7V6FgNEw9QjvBPdysz9KfQDD41fQrC2Y4vKQdiaUpFT4bXlb1RHhLpp8wtm6M5TgSw=="],
  }
}
